
Microsoft Visual Studio Solution File, Format Version 12.00
# Visual Studio Version 17
VisualStudioVersion = 17.4.33213.308
MinimumVisualStudioVersion = 10.0.40219.1
Project("{FAE04EC0-301F-11D3-BF4B-00C04F79EFBC}") = "01", "01\01.csproj", "{9AC88294-175C-408B-9F01-9FDD73BEE5EF}"
EndProject
Global
	GlobalSection(SolutionConfigurationPlatforms) = preSolution
		Debug|Any CPU = Debug|Any CPU
		Release|Any CPU = Release|Any CPU
	EndGlobalSection
	GlobalSection(ProjectConfigurationPlatforms) = postSolution
		{9AC88294-175C-408B-9F01-9FDD73BEE5EF}.Debug|Any CPU.ActiveCfg = Debug|Any CPU
		{9AC88294-175C-408B-9F01-9FDD73BEE5EF}.Debug|Any CPU.Build.0 = Debug|Any CPU
		{9AC88294-175C-408B-9F01-9FDD73BEE5EF}.Release|Any CPU.ActiveCfg = Release|Any CPU
		{9AC88294-175C-408B-9F01-9FDD73BEE5EF}.Release|Any CPU.Build.0 = Release|Any CPU
	EndGlobalSection
	GlobalSection(SolutionProperties) = preSolution
		HideSolutionNode = FALSE
	EndGlobalSection
	GlobalSection(ExtensibilityGlobals) = postSolution
		SolutionGuid = {063D4143-0C0F-41B9-AAE0-8E784E9B9940}
	EndGlobalSection
EndGlobal
